
Microsoft Visual Studio Solution File, Format Version 12.00
# Visual Studio Version 16
VisualStudioVersion = 16.0.34601.136
MinimumVisualStudioVersion = 10.0.40219.1
Project("{FAE04EC0-301F-11D3-BF4B-00C04F79EFBC}") = "ContaCorrente", "ContaCorrente\ContaCorrente.csproj", "{49E0CB5D-8D69-4226-AC1D-79DDDD2B8AE5}"
EndProject
Global
	GlobalSection(SolutionConfigurationPlatforms) = preSolution
		Debug|Any CPU = Debug|Any CPU
		Release|Any CPU = Release|Any CPU
	EndGlobalSection
	GlobalSection(ProjectConfigurationPlatforms) = postSolution
		{49E0CB5D-8D69-4226-AC1D-79DDDD2B8AE5}.Debug|Any CPU.ActiveCfg = Debug|Any CPU
		{49E0CB5D-8D69-4226-AC1D-79DDDD2B8AE5}.Debug|Any CPU.Build.0 = Debug|Any CPU
		{49E0CB5D-8D69-4226-AC1D-79DDDD2B8AE5}.Release|Any CPU.ActiveCfg = Release|Any CPU
		{49E0CB5D-8D69-4226-AC1D-79DDDD2B8AE5}.Release|Any CPU.Build.0 = Release|Any CPU
	EndGlobalSection
	GlobalSection(SolutionProperties) = preSolution
		HideSolutionNode = FALSE
	EndGlobalSection
	GlobalSection(ExtensibilityGlobals) = postSolution
		SolutionGuid = {1566D973-5ECA-4BBA-9FC5-556B9D3FED4F}
	EndGlobalSection
EndGlobal
